
Microsoft Visual Studio Solution File, Format Version 12.00
# Visual Studio Version 17
VisualStudioVersion = 17.9.34902.65
MinimumVisualStudioVersion = 10.0.40219.1
Project("{FAE04EC0-301F-11D3-BF4B-00C04F79EFBC}") = "BankSample1", "BankSample1.csproj", "{ADE6FA01-A55E-4CFA-88C3-17B1822F2163}"
EndProject
Global
	GlobalSection(SolutionConfigurationPlatforms) = preSolution
		Debug|Any CPU = Debug|Any CPU
		Release|Any CPU = Release|Any CPU
	EndGlobalSection
	GlobalSection(ProjectConfigurationPlatforms) = postSolution
		{ADE6FA01-A55E-4CFA-88C3-17B1822F2163}.Debug|Any CPU.ActiveCfg = Debug|Any CPU
		{ADE6FA01-A55E-4CFA-88C3-17B1822F2163}.Debug|Any CPU.Build.0 = Debug|Any CPU
		{ADE6FA01-A55E-4CFA-88C3-17B1822F2163}.Release|Any CPU.ActiveCfg = Release|Any CPU
		{ADE6FA01-A55E-4CFA-88C3-17B1822F2163}.Release|Any CPU.Build.0 = Release|Any CPU
	EndGlobalSection
	GlobalSection(SolutionProperties) = preSolution
		HideSolutionNode = FALSE
	EndGlobalSection
	GlobalSection(ExtensibilityGlobals) = postSolution
		SolutionGuid = {3654C2A9-CF31-425E-9C3F-E02D1C0DBADC}
	EndGlobalSection
EndGlobal
